// !$*UTF8*$!
{
	archiveVersion = 1;
	classes = {
	};
	objectVersion = 46;
	objects = {

/* Begin PBXBuildFile section */
		101CADED1E40186200F750E4 /* TwitterClient.m in Sources */ = {isa = PBXBuildFile; fileRef = 101CADEC1E40186200F750E4 /* TwitterClient.m */; };
		101CADF01E4154D900F750E4 /* User.m in Sources */ = {isa = PBXBuildFile; fileRef = 101CADEF1E4154D900F750E4 /* User.m */; };
		101CADF31E4154EA00F750E4 /* Tweet.m in Sources */ = {isa = PBXBuildFile; fileRef = 101CADF21E4154EA00F750E4 /* Tweet.m */; };
		101CAE281E43BBC500F750E4 /* LoginViewController.m in Sources */ = {isa = PBXBuildFile; fileRef = 101CAE261E43BBC500F750E4 /* LoginViewController.m */; };
		101CAE291E43BBC500F750E4 /* LoginViewController.xib in Resources */ = {isa = PBXBuildFile; fileRef = 101CAE271E43BBC500F750E4 /* LoginViewController.xib */; };
		101CAE2C1E43C2D100F750E4 /* NavigationManager.m in Sources */ = {isa = PBXBuildFile; fileRef = 101CAE2B1E43C2D100F750E4 /* NavigationManager.m */; };
		101CAE2F1E43DD1800F750E4 /* Utils.m in Sources */ = {isa = PBXBuildFile; fileRef = 101CAE2E1E43DD1800F750E4 /* Utils.m */; };
		101CAE331E4459C800F750E4 /* Like.png in Resources */ = {isa = PBXBuildFile; fileRef = 101CAE321E4459C800F750E4 /* Like.png */; };
		101CAE351E44611700F750E4 /* reply.png in Resources */ = {isa = PBXBuildFile; fileRef = 101CAE341E44611700F750E4 /* reply.png */; };
		101CAE371E44612200F750E4 /* retweet.png in Resources */ = {isa = PBXBuildFile; fileRef = 101CAE361E44612200F750E4 /* retweet.png */; };
		101CAE3B1E44683900F750E4 /* DetailTweetViewController.m in Sources */ = {isa = PBXBuildFile; fileRef = 101CAE391E44683900F750E4 /* DetailTweetViewController.m */; };
		101CAE3C1E44683900F750E4 /* DetailTweetViewController.xib in Resources */ = {isa = PBXBuildFile; fileRef = 101CAE3A1E44683900F750E4 /* DetailTweetViewController.xib */; };
		104ED0561E3FB929007B4862 /* main.m in Sources */ = {isa = PBXBuildFile; fileRef = 104ED0551E3FB929007B4862 /* main.m */; };
		104ED0591E3FB929007B4862 /* AppDelegate.m in Sources */ = {isa = PBXBuildFile; fileRef = 104ED0581E3FB929007B4862 /* AppDelegate.m */; };
		104ED0611E3FB929007B4862 /* Assets.xcassets in Resources */ = {isa = PBXBuildFile; fileRef = 104ED0601E3FB929007B4862 /* Assets.xcassets */; };
		104ED0641E3FB929007B4862 /* LaunchScreen.storyboard in Resources */ = {isa = PBXBuildFile; fileRef = 104ED0621E3FB929007B4862 /* LaunchScreen.storyboard */; };
		104ED06E1E3FB9CA007B4862 /* TwsListViewController.m in Sources */ = {isa = PBXBuildFile; fileRef = 104ED06C1E3FB9CA007B4862 /* TwsListViewController.m */; };
		104ED06F1E3FB9CA007B4862 /* TwsListViewController.xib in Resources */ = {isa = PBXBuildFile; fileRef = 104ED06D1E3FB9CA007B4862 /* TwsListViewController.xib */; };
		104ED0731E3FC834007B4862 /* TweetTableViewCell.m in Sources */ = {isa = PBXBuildFile; fileRef = 104ED0711E3FC834007B4862 /* TweetTableViewCell.m */; };
		104ED0741E3FC834007B4862 /* TweetTableViewCell.xib in Resources */ = {isa = PBXBuildFile; fileRef = 104ED0721E3FC834007B4862 /* TweetTableViewCell.xib */; };
		58318F5A7FA5FFC6060C75C1 /* libPods-TwitterDemo.a in Frameworks */ = {isa = PBXBuildFile; fileRef = 0383B43142BC882AC8529289 /* libPods-TwitterDemo.a */; };
/* End PBXBuildFile section */

/* Begin PBXFileReference section */
		0383B43142BC882AC8529289 /* libPods-TwitterDemo.a */ = {isa = PBXFileReference; explicitFileType = archive.ar; includeInIndex = 0; path = "libPods-TwitterDemo.a"; sourceTree = BUILT_PRODUCTS_DIR; };
		101CADEB1E40186200F750E4 /* TwitterClient.h */ = {isa = PBXFileReference; fileEncoding = 4; lastKnownFileType = sourcecode.c.h; path = TwitterClient.h; sourceTree = "<group>"; };
		101CADEC1E40186200F750E4 /* TwitterClient.m */ = {isa = PBXFileReference; fileEncoding = 4; lastKnownFileType = sourcecode.c.objc; path = TwitterClient.m; sourceTree = "<group>"; };
		101CADEE1E4154D900F750E4 /* User.h */ = {isa = PBXFileReference; fileEncoding = 4; lastKnownFileType = sourcecode.c.h; path = User.h; sourceTree = "<group>"; };
		101CADEF1E4154D900F750E4 /* User.m */ = {isa = PBXFileReference; fileEncoding = 4; lastKnownFileType = sourcecode.c.objc; path = User.m; sourceTree = "<group>"; };
		101CADF11E4154EA00F750E4 /* Tweet.h */ = {isa = PBXFileReference; fileEncoding = 4; lastKnownFileType = sourcecode.c.h; path = Tweet.h; sourceTree = "<group>"; };
		101CADF21E4154EA00F750E4 /* Tweet.m */ = {isa = PBXFileReference; fileEncoding = 4; lastKnownFileType = sourcecode.c.objc; path = Tweet.m; sourceTree = "<group>"; };
		101CAE251E43BBC500F750E4 /* LoginViewController.h */ = {isa = PBXFileReference; fileEncoding = 4; lastKnownFileType = sourcecode.c.h; path = LoginViewController.h; sourceTree = "<group>"; };
		101CAE261E43BBC500F750E4 /* LoginViewController.m */ = {isa = PBXFileReference; fileEncoding = 4; lastKnownFileType = sourcecode.c.objc; path = LoginViewController.m; sourceTree = "<group>"; };
		101CAE271E43BBC500F750E4 /* LoginViewController.xib */ = {isa = PBXFileReference; fileEncoding = 4; lastKnownFileType = file.xib; path = LoginViewController.xib; sourceTree = "<group>"; };
		101CAE2A1E43C2D100F750E4 /* NavigationManager.h */ = {isa = PBXFileReference; fileEncoding = 4; lastKnownFileType = sourcecode.c.h; path = NavigationManager.h; sourceTree = "<group>"; };
		101CAE2B1E43C2D100F750E4 /* NavigationManager.m */ = {isa = PBXFileReference; fileEncoding = 4; lastKnownFileType = sourcecode.c.objc; path = NavigationManager.m; sourceTree = "<group>"; };
		101CAE2D1E43DD1800F750E4 /* Utils.h */ = {isa = PBXFileReference; fileEncoding = 4; lastKnownFileType = sourcecode.c.h; path = Utils.h; sourceTree = "<group>"; };
		101CAE2E1E43DD1800F750E4 /* Utils.m */ = {isa = PBXFileReference; fileEncoding = 4; lastKnownFileType = sourcecode.c.objc; path = Utils.m; sourceTree = "<group>"; };
		101CAE321E4459C800F750E4 /* Like.png */ = {isa = PBXFileReference; lastKnownFileType = image.png; path = Like.png; sourceTree = "<group>"; };
		101CAE341E44611700F750E4 /* reply.png */ = {isa = PBXFileReference; lastKnownFileType = image.png; path = reply.png; sourceTree = "<group>"; };
		101CAE361E44612200F750E4 /* retweet.png */ = {isa = PBXFileReference; lastKnownFileType = image.png; path = retweet.png; sourceTree = "<group>"; };
		101CAE381E44683900F750E4 /* DetailTweetViewController.h */ = {isa = PBXFileReference; fileEncoding = 4; lastKnownFileType = sourcecode.c.h; path = DetailTweetViewController.h; sourceTree = "<group>"; };
		101CAE391E44683900F750E4 /* DetailTweetViewController.m */ = {isa = PBXFileReference; fileEncoding = 4; lastKnownFileType = sourcecode.c.objc; path = DetailTweetViewController.m; sourceTree = "<group>"; };
		101CAE3A1E44683900F750E4 /* DetailTweetViewController.xib */ = {isa = PBXFileReference; fileEncoding = 4; lastKnownFileType = file.xib; path = DetailTweetViewController.xib; sourceTree = "<group>"; };
		104ED0511E3FB929007B4862 /* TwitterDemo.app */ = {isa = PBXFileReference; explicitFileType = wrapper.application; includeInIndex = 0; path = TwitterDemo.app; sourceTree = BUILT_PRODUCTS_DIR; };
		104ED0551E3FB929007B4862 /* main.m */ = {isa = PBXFileReference; lastKnownFileType = sourcecode.c.objc; path = main.m; sourceTree = "<group>"; };
		104ED0571E3FB929007B4862 /* AppDelegate.h */ = {isa = PBXFileReference; lastKnownFileType = sourcecode.c.h; path = AppDelegate.h; sourceTree = "<group>"; };
		104ED0581E3FB929007B4862 /* AppDelegate.m */ = {isa = PBXFileReference; lastKnownFileType = sourcecode.c.objc; path = AppDelegate.m; sourceTree = "<group>"; };
		104ED0601E3FB929007B4862 /* Assets.xcassets */ = {isa = PBXFileReference; lastKnownFileType = folder.assetcatalog; path = Assets.xcassets; sourceTree = "<group>"; };
		104ED0631E3FB929007B4862 /* Base */ = {isa = PBXFileReference; lastKnownFileType = file.storyboard; name = Base; path = Base.lproj/LaunchScreen.storyboard; sourceTree = "<group>"; };
		104ED0651E3FB929007B4862 /* Info.plist */ = {isa = PBXFileReference; lastKnownFileType = text.plist.xml; path = Info.plist; sourceTree = "<group>"; };
		104ED06B1E3FB9CA007B4862 /* TwsListViewController.h */ = {isa = PBXFileReference; fileEncoding = 4; lastKnownFileType = sourcecode.c.h; name = TwsListViewController.h; path = TwitterDemo/TwsListViewController.h; sourceTree = "<group>"; };
		104ED06C1E3FB9CA007B4862 /* TwsListViewController.m */ = {isa = PBXFileReference; fileEncoding = 4; lastKnownFileType = sourcecode.c.objc; name = TwsListViewController.m; path = TwitterDemo/TwsListViewController.m; sourceTree = "<group>"; };
		104ED06D1E3FB9CA007B4862 /* TwsListViewController.xib */ = {isa = PBXFileReference; fileEncoding = 4; lastKnownFileType = file.xib; name = TwsListViewController.xib; path = TwitterDemo/TwsListViewController.xib; sourceTree = "<group>"; };
		104ED0701E3FC834007B4862 /* TweetTableViewCell.h */ = {isa = PBXFileReference; fileEncoding = 4; lastKnownFileType = sourcecode.c.h; name = TweetTableViewCell.h; path = TwitterDemo/TweetTableViewCell.h; sourceTree = "<group>"; };
		104ED0711E3FC834007B4862 /* TweetTableViewCell.m */ = {isa = PBXFileReference; fileEncoding = 4; lastKnownFileType = sourcecode.c.objc; name = TweetTableViewCell.m; path = TwitterDemo/TweetTableViewCell.m; sourceTree = "<group>"; };
		104ED0721E3FC834007B4862 /* TweetTableViewCell.xib */ = {isa = PBXFileReference; fileEncoding = 4; lastKnownFileType = file.xib; name = TweetTableViewCell.xib; path = TwitterDemo/TweetTableViewCell.xib; sourceTree = "<group>"; };
		7A294B79E199D32641F78291 /* Pods-TwitterDemo.release.xcconfig */ = {isa = PBXFileReference; includeInIndex = 1; lastKnownFileType = text.xcconfig; name = "Pods-TwitterDemo.release.xcconfig"; path = "Pods/Target Support Files/Pods-TwitterDemo/Pods-TwitterDemo.release.xcconfig"; sourceTree = "<group>"; };
		8B58FB29D28C8CEB4F74C5B5 /* Pods-TwitterDemo.debug.xcconfig */ = {isa = PBXFileReference; includeInIndex = 1; lastKnownFileType = text.xcconfig; name = "Pods-TwitterDemo.debug.xcconfig"; path = "Pods/Target Support Files/Pods-TwitterDemo/Pods-TwitterDemo.debug.xcconfig"; sourceTree = "<group>"; };
/* End PBXFileReference section */

/* Begin PBXFrameworksBuildPhase section */
		104ED04E1E3FB929007B4862 /* Frameworks */ = {
			isa = PBXFrameworksBuildPhase;
			buildActionMask = 2147483647;
			files = (
				58318F5A7FA5FFC6060C75C1 /* libPods-TwitterDemo.a in Frameworks */,
			);
			runOnlyForDeploymentPostprocessing = 0;
		};
/* End PBXFrameworksBuildPhase section */

/* Begin PBXGroup section */
		104ED0481E3FB929007B4862 = {
			isa = PBXGroup;
			children = (
				101CAE381E44683900F750E4 /* DetailTweetViewController.h */,
				101CAE391E44683900F750E4 /* DetailTweetViewController.m */,
				101CAE3A1E44683900F750E4 /* DetailTweetViewController.xib */,
				101CAE321E4459C800F750E4 /* Like.png */,
				101CAE361E44612200F750E4 /* retweet.png */,
				101CAE341E44611700F750E4 /* reply.png */,
				101CAE2D1E43DD1800F750E4 /* Utils.h */,
				101CAE2E1E43DD1800F750E4 /* Utils.m */,
				101CAE2A1E43C2D100F750E4 /* NavigationManager.h */,
				101CAE2B1E43C2D100F750E4 /* NavigationManager.m */,
				101CAE251E43BBC500F750E4 /* LoginViewController.h */,
				101CAE261E43BBC500F750E4 /* LoginViewController.m */,
				101CAE271E43BBC500F750E4 /* LoginViewController.xib */,
				101CADF11E4154EA00F750E4 /* Tweet.h */,
				101CADF21E4154EA00F750E4 /* Tweet.m */,
				101CADEE1E4154D900F750E4 /* User.h */,
				101CADEF1E4154D900F750E4 /* User.m */,
				101CADEB1E40186200F750E4 /* TwitterClient.h */,
				101CADEC1E40186200F750E4 /* TwitterClient.m */,
				104ED0701E3FC834007B4862 /* TweetTableViewCell.h */,
				104ED0711E3FC834007B4862 /* TweetTableViewCell.m */,
				104ED0721E3FC834007B4862 /* TweetTableViewCell.xib */,
				104ED06B1E3FB9CA007B4862 /* TwsListViewController.h */,
				104ED06C1E3FB9CA007B4862 /* TwsListViewController.m */,
				104ED06D1E3FB9CA007B4862 /* TwsListViewController.xib */,
				104ED0531E3FB929007B4862 /* TwitterDemo */,
				104ED0521E3FB929007B4862 /* Products */,
				41E788B5F549853CBC747B1D /* Pods */,
				46A0A34701F6B53040E53BBF /* Frameworks */,
			);
			sourceTree = "<group>";
		};
		104ED0521E3FB929007B4862 /* Products */ = {
			isa = PBXGroup;
			children = (
				104ED0511E3FB929007B4862 /* TwitterDemo.app */,
			);
			name = Products;
			sourceTree = "<group>";
		};
		104ED0531E3FB929007B4862 /* TwitterDemo */ = {
			isa = PBXGroup;
			children = (
				104ED0571E3FB929007B4862 /* AppDelegate.h */,
				104ED0581E3FB929007B4862 /* AppDelegate.m */,
				104ED0601E3FB929007B4862 /* Assets.xcassets */,
				104ED0621E3FB929007B4862 /* LaunchScreen.storyboard */,
				104ED0651E3FB929007B4862 /* Info.plist */,
				104ED0541E3FB929007B4862 /* Supporting Files */,
			);
			path = TwitterDemo;
			sourceTree = "<group>";
		};
		104ED0541E3FB929007B4862 /* Supporting Files */ = {
			isa = PBXGroup;
			children = (
				104ED0551E3FB929007B4862 /* main.m */,
			);
			name = "Supporting Files";
			sourceTree = "<group>";
		};
		41E788B5F549853CBC747B1D /* Pods */ = {
			isa = PBXGroup;
			children = (
				8B58FB29D28C8CEB4F74C5B5 /* Pods-TwitterDemo.debug.xcconfig */,
				7A294B79E199D32641F78291 /* Pods-TwitterDemo.release.xcconfig */,
			);
			name = Pods;
			sourceTree = "<group>";
		};
		46A0A34701F6B53040E53BBF /* Frameworks */ = {
			isa = PBXGroup;
			children = (
				0383B43142BC882AC8529289 /* libPods-TwitterDemo.a */,
			);
			name = Frameworks;
			sourceTree = "<group>";
		};
/* End PBXGroup section */

/* Begin PBXNativeTarget section */
		104ED0501E3FB929007B4862 /* TwitterDemo */ = {
			isa = PBXNativeTarget;
			buildConfigurationList = 104ED0681E3FB929007B4862 /* Build configuration list for PBXNativeTarget "TwitterDemo" */;
			buildPhases = (
				7894AD1FD8D08A0E9C177423 /* 📦 Check Pods Manifest.lock */,
				104ED04D1E3FB929007B4862 /* Sources */,
				104ED04E1E3FB929007B4862 /* Frameworks */,
				104ED04F1E3FB929007B4862 /* Resources */,
				F5ECFBF7F9C857BAA570167D /* 📦 Embed Pods Frameworks */,
				E7471B455AF99366183F95D0 /* 📦 Copy Pods Resources */,
			);
			buildRules = (
			);
			dependencies = (
			);
			name = TwitterDemo;
			productName = TwitterDemo;
			productReference = 104ED0511E3FB929007B4862 /* TwitterDemo.app */;
			productType = "com.apple.product-type.application";
		};
/* End PBXNativeTarget section */

/* Begin PBXProject section */
		104ED0491E3FB929007B4862 /* Project object */ = {
			isa = PBXProject;
			attributes = {
				LastUpgradeCheck = 0810;
				ORGANIZATIONNAME = "Li Yang";
				TargetAttributes = {
					104ED0501E3FB929007B4862 = {
						CreatedOnToolsVersion = 8.1;
						DevelopmentTeam = 2ARNJY38FW;
						ProvisioningStyle = Automatic;
					};
				};
			};
			buildConfigurationList = 104ED04C1E3FB929007B4862 /* Build configuration list for PBXProject "TwitterDemo" */;
			compatibilityVersion = "Xcode 3.2";
			developmentRegion = English;
			hasScannedForEncodings = 0;
			knownRegions = (
				en,
				Base,
			);
			mainGroup = 104ED0481E3FB929007B4862;
			productRefGroup = 104ED0521E3FB929007B4862 /* Products */;
			projectDirPath = "";
			projectRoot = "";
			targets = (
				104ED0501E3FB929007B4862 /* TwitterDemo */,
			);
		};
/* End PBXProject section */

/* Begin PBXResourcesBuildPhase section */
		104ED04F1E3FB929007B4862 /* Resources */ = {
			isa = PBXResourcesBuildPhase;
			buildActionMask = 2147483647;
			files = (
				101CAE331E4459C800F750E4 /* Like.png in Resources */,
				101CAE291E43BBC500F750E4 /* LoginViewController.xib in Resources */,
				104ED0641E3FB929007B4862 /* LaunchScreen.storyboard in Resources */,
				104ED0611E3FB929007B4862 /* Assets.xcassets in Resources */,
				104ED06F1E3FB9CA007B4862 /* TwsListViewController.xib in Resources */,
				101CAE3C1E44683900F750E4 /* DetailTweetViewController.xib in Resources */,
				101CAE351E44611700F750E4 /* reply.png in Resources */,
				101CAE371E44612200F750E4 /* retweet.png in Resources */,
				104ED0741E3FC834007B4862 /* TweetTableViewCell.xib in Resources */,
			);
			runOnlyForDeploymentPostprocessing = 0;
		};
/* End PBXResourcesBuildPhase section */

/* Begin PBXShellScriptBuildPhase section */
		7894AD1FD8D08A0E9C177423 /* 📦 Check Pods Manifest.lock */ = {
			isa = PBXShellScriptBuildPhase;
			buildActionMask = 2147483647;
			files = (
			);
			inputPaths = (
			);
			name = "📦 Check Pods Manifest.lock";
			outputPaths = (
			);
			runOnlyForDeploymentPostprocessing = 0;
			shellPath = /bin/sh;
			shellScript = "diff \"${PODS_ROOT}/../Podfile.lock\" \"${PODS_ROOT}/Manifest.lock\" > /dev/null\nif [[ $? != 0 ]] ; then\n    cat << EOM\nerror: The sandbox is not in sync with the Podfile.lock. Run 'pod install' or update your CocoaPods installation.\nEOM\n    exit 1\nfi\n";
			showEnvVarsInLog = 0;
		};
		E7471B455AF99366183F95D0 /* 📦 Copy Pods Resources */ = {
			isa = PBXShellScriptBuildPhase;
			buildActionMask = 2147483647;
			files = (
			);
			inputPaths = (
			);
			name = "📦 Copy Pods Resources";
			outputPaths = (
			);
			runOnlyForDeploymentPostprocessing = 0;
			shellPath = /bin/sh;
			shellScript = "\"${SRCROOT}/Pods/Target Support Files/Pods-TwitterDemo/Pods-TwitterDemo-resources.sh\"\n";
			showEnvVarsInLog = 0;
		};
		F5ECFBF7F9C857BAA570167D /* 📦 Embed Pods Frameworks */ = {
			isa = PBXShellScriptBuildPhase;
			buildActionMask = 2147483647;
			files = (
			);
			inputPaths = (
			);
			name = "📦 Embed Pods Frameworks";
			outputPaths = (
			);
			runOnlyForDeploymentPostprocessing = 0;
			shellPath = /bin/sh;
			shellScript = "\"${SRCROOT}/Pods/Target Support Files/Pods-TwitterDemo/Pods-TwitterDemo-frameworks.sh\"\n";
			showEnvVarsInLog = 0;
		};
/* End PBXShellScriptBuildPhase section */

/* Begin PBXSourcesBuildPhase section */
		104ED04D1E3FB929007B4862 /* Sources */ = {
			isa = PBXSourcesBuildPhase;
			buildActionMask = 2147483647;
			files = (
				101CAE281E43BBC500F750E4 /* LoginViewController.m in Sources */,
				104ED06E1E3FB9CA007B4862 /* TwsListViewController.m in Sources */,
				104ED0591E3FB929007B4862 /* AppDelegate.m in Sources */,
				101CAE2F1E43DD1800F750E4 /* Utils.m in Sources */,
				101CADF01E4154D900F750E4 /* User.m in Sources */,
				101CADF31E4154EA00F750E4 /* Tweet.m in Sources */,
				101CADED1E40186200F750E4 /* TwitterClient.m in Sources */,
				104ED0561E3FB929007B4862 /* main.m in Sources */,
				101CAE2C1E43C2D100F750E4 /* NavigationManager.m in Sources */,
				101CAE3B1E44683900F750E4 /* DetailTweetViewController.m in Sources */,
				104ED0731E3FC834007B4862 /* TweetTableViewCell.m in Sources */,
			);
			runOnlyForDeploymentPostprocessing = 0;
		};
/* End PBXSourcesBuildPhase section */

/* Begin PBXVariantGroup section */
		104ED0621E3FB929007B4862 /* LaunchScreen.storyboard */ = {
			isa = PBXVariantGroup;
			children = (
				104ED0631E3FB929007B4862 /* Base */,
			);
			name = LaunchScreen.storyboard;
			sourceTree = "<group>";
		};
/* End PBXVariantGroup section */

/* Begin XCBuildConfiguration section */
		104ED0661E3FB929007B4862 /* Debug */ = {
			isa = XCBuildConfiguration;
			buildSettings = {
				ALWAYS_SEARCH_USER_PATHS = NO;
				CLANG_ANALYZER_NONNULL = YES;
				CLANG_CXX_LANGUAGE_STANDARD = "gnu++0x";
				CLANG_CXX_LIBRARY = "libc++";
				CLANG_ENABLE_MODULES = YES;
				CLANG_ENABLE_OBJC_ARC = YES;
				CLANG_WARN_BOOL_CONVERSION = YES;
				CLANG_WARN_CONSTANT_CONVERSION = YES;
				CLANG_WARN_DIRECT_OBJC_ISA_USAGE = YES_ERROR;
				CLANG_WARN_DOCUMENTATION_COMMENTS = YES;
				CLANG_WARN_EMPTY_BODY = YES;
				CLANG_WARN_ENUM_CONVERSION = YES;
				CLANG_WARN_INFINITE_RECURSION = YES;
				CLANG_WARN_INT_CONVERSION = YES;
				CLANG_WARN_OBJC_ROOT_CLASS = YES_ERROR;
				CLANG_WARN_SUSPICIOUS_MOVES = YES;
				CLANG_WARN_UNREACHABLE_CODE = YES;
				CLANG_WARN__DUPLICATE_METHOD_MATCH = YES;
				"CODE_SIGN_IDENTITY[sdk=iphoneos*]" = "iPhone Developer";
				COPY_PHASE_STRIP = NO;
				DEBUG_INFORMATION_FORMAT = dwarf;
				ENABLE_STRICT_OBJC_MSGSEND = YES;
				ENABLE_TESTABILITY = YES;
				GCC_C_LANGUAGE_STANDARD = gnu99;
				GCC_DYNAMIC_NO_PIC = NO;
				GCC_NO_COMMON_BLOCKS = YES;
				GCC_OPTIMIZATION_LEVEL = 0;
				GCC_PREPROCESSOR_DEFINITIONS = (
					"DEBUG=1",
					"$(inherited)",
				);
				GCC_WARN_64_TO_32_BIT_CONVERSION = YES;
				GCC_WARN_ABOUT_RETURN_TYPE = YES_ERROR;
				GCC_WARN_UNDECLARED_SELECTOR = YES;
				GCC_WARN_UNINITIALIZED_AUTOS = YES_AGGRESSIVE;
				GCC_WARN_UNUSED_FUNCTION = YES;
				GCC_WARN_UNUSED_VARIABLE = YES;
				IPHONEOS_DEPLOYMENT_TARGET = 10.1;
				MTL_ENABLE_DEBUG_INFO = YES;
				ONLY_ACTIVE_ARCH = YES;
				SDKROOT = iphoneos;
				TARGETED_DEVICE_FAMILY = "1,2";
			};
			name = Debug;
		};
		104ED0671E3FB929007B4862 /* Release */ = {
			isa = XCBuildConfiguration;
			buildSettings = {
				ALWAYS_SEARCH_USER_PATHS = NO;
				CLANG_ANALYZER_NONNULL = YES;
				CLANG_CXX_LANGUAGE_STANDARD = "gnu++0x";
				CLANG_CXX_LIBRARY = "libc++";
				CLANG_ENABLE_MODULES = YES;
				CLANG_ENABLE_OBJC_ARC = YES;
				CLANG_WARN_BOOL_CONVERSION = YES;
				CLANG_WARN_CONSTANT_CONVERSION = YES;
				CLANG_WARN_DIRECT_OBJC_ISA_USAGE = YES_ERROR;
				CLANG_WARN_DOCUMENTATION_COMMENTS = YES;
				CLANG_WARN_EMPTY_BODY = YES;
				CLANG_WARN_ENUM_CONVERSION = YES;
				CLANG_WARN_INFINITE_RECURSION = YES;
				CLANG_WARN_INT_CONVERSION = YES;
				CLANG_WARN_OBJC_ROOT_CLASS = YES_ERROR;
				CLANG_WARN_SUSPICIOUS_MOVES = YES;
				CLANG_WARN_UNREACHABLE_CODE = YES;
				CLANG_WARN__DUPLICATE_METHOD_MATCH = YES;
				"CODE_SIGN_IDENTITY[sdk=iphoneos*]" = "iPhone Developer";
				COPY_PHASE_STRIP = NO;
				DEBUG_INFORMATION_FORMAT = "dwarf-with-dsym";
				ENABLE_NS_ASSERTIONS = NO;
				ENABLE_STRICT_OBJC_MSGSEND = YES;
				GCC_C_LANGUAGE_STANDARD = gnu99;
				GCC_NO_COMMON_BLOCKS = YES;
				GCC_WARN_64_TO_32_BIT_CONVERSION = YES;
				GCC_WARN_ABOUT_RETURN_TYPE = YES_ERROR;
				GCC_WARN_UNDECLARED_SELECTOR = YES;
				GCC_WARN_UNINITIALIZED_AUTOS = YES_AGGRESSIVE;
				GCC_WARN_UNUSED_FUNCTION = YES;
				GCC_WARN_UNUSED_VARIABLE = YES;
				IPHONEOS_DEPLOYMENT_TARGET = 10.1;
				MTL_ENABLE_DEBUG_INFO = NO;
				SDKROOT = iphoneos;
				TARGETED_DEVICE_FAMILY = "1,2";
				VALIDATE_PRODUCT = YES;
			};
			name = Release;
		};
		104ED0691E3FB929007B4862 /* Debug */ = {
			isa = XCBuildConfiguration;
			baseConfigurationReference = 8B58FB29D28C8CEB4F74C5B5 /* Pods-TwitterDemo.debug.xcconfig */;
			buildSettings = {
				ASSETCATALOG_COMPILER_APPICON_NAME = AppIcon;
				DEVELOPMENT_TEAM = 2ARNJY38FW;
				INFOPLIST_FILE = TwitterDemo/Info.plist;
				LD_RUNPATH_SEARCH_PATHS = "$(inherited) @executable_path/Frameworks";
				PRODUCT_BUNDLE_IDENTIFIER = com.yahoo.TwitterDemo;
				PRODUCT_NAME = "$(TARGET_NAME)";
			};
			name = Debug;
		};
		104ED06A1E3FB929007B4862 /* Release */ = {
			isa = XCBuildConfiguration;
			baseConfigurationReference = 7A294B79E199D32641F78291 /* Pods-TwitterDemo.release.xcconfig */;
			buildSettings = {
				ASSETCATALOG_COMPILER_APPICON_NAME = AppIcon;
				DEVELOPMENT_TEAM = 2ARNJY38FW;
				INFOPLIST_FILE = TwitterDemo/Info.plist;
				LD_RUNPATH_SEARCH_PATHS = "$(inherited) @executable_path/Frameworks";
				PRODUCT_BUNDLE_IDENTIFIER = com.yahoo.TwitterDemo;
				PRODUCT_NAME = "$(TARGET_NAME)";
			};
			name = Release;
		};
/* End XCBuildConfiguration section */

/* Begin XCConfigurationList section */
		104ED04C1E3FB929007B4862 /* Build configuration list for PBXProject "TwitterDemo" */ = {
			isa = XCConfigurationList;
			buildConfigurations = (
				104ED0661E3FB929007B4862 /* Debug */,
				104ED0671E3FB929007B4862 /* Release */,
			);
			defaultConfigurationIsVisible = 0;
			defaultConfigurationName = Release;
		};
		104ED0681E3FB929007B4862 /* Build configuration list for PBXNativeTarget "TwitterDemo" */ = {
			isa = XCConfigurationList;
			buildConfigurations = (
				104ED0691E3FB929007B4862 /* Debug */,
				104ED06A1E3FB929007B4862 /* Release */,
			);
			defaultConfigurationIsVisible = 0;
			defaultConfigurationName = Release;
		};
/* End XCConfigurationList section */
	};
	rootObject = 104ED0491E3FB929007B4862 /* Project object */;
}
